
Microsoft Visual Studio Solution File, Format Version 12.00
Project("{FAE04EC0-301F-11D3-BF4B-00C04F79EFBC}") = "Client-Server", "Client-Server.csproj", "{F33C60A6-13F6-4D2A-8E45-6E37C2D180F3}"
EndProject
Global
	GlobalSection(SolutionConfigurationPlatforms) = preSolution
		Debug|Any CPU = Debug|Any CPU
		Release|Any CPU = Release|Any CPU
	EndGlobalSection
	GlobalSection(ProjectConfigurationPlatforms) = postSolution
		{F33C60A6-13F6-4D2A-8E45-6E37C2D180F3}.Debug|Any CPU.ActiveCfg = Debug|Any CPU
		{F33C60A6-13F6-4D2A-8E45-6E37C2D180F3}.Debug|Any CPU.Build.0 = Debug|Any CPU
		{F33C60A6-13F6-4D2A-8E45-6E37C2D180F3}.Release|Any CPU.ActiveCfg = Release|Any CPU
		{F33C60A6-13F6-4D2A-8E45-6E37C2D180F3}.Release|Any CPU.Build.0 = Release|Any CPU
	EndGlobalSection
EndGlobal
